
Microsoft Visual Studio Solution File, Format Version 12.00
# Visual Studio Version 16
VisualStudioVersion = 16.0.31402.337
MinimumVisualStudioVersion = 10.0.40219.1
Project("{FAE04EC0-301F-11D3-BF4B-00C04F79EFBC}") = "Todo.Web", "Todo.Web\Todo.Web.csproj", "{D8524CCA-E233-43D0-9B83-7CE20D4E8245}"
EndProject
Project("{FAE04EC0-301F-11D3-BF4B-00C04F79EFBC}") = "Todo.Backend", "Todo.Backend\Todo.Backend.csproj", "{16AD3CEE-2EB5-41F2-813C-8AB579F51F42}"
EndProject
Project("{FAE04EC0-301F-11D3-BF4B-00C04F79EFBC}") = "Todo.Contracts", "Todo.Contracts\Todo.Contracts.csproj", "{3E7CF991-A500-460D-BE40-132E113CD62F}"
EndProject
Global
	GlobalSection(SolutionConfigurationPlatforms) = preSolution
		Debug|Any CPU = Debug|Any CPU
		Release|Any CPU = Release|Any CPU
	EndGlobalSection
	GlobalSection(ProjectConfigurationPlatforms) = postSolution
		{D8524CCA-E233-43D0-9B83-7CE20D4E8245}.Debug|Any CPU.ActiveCfg = Debug|Any CPU
		{D8524CCA-E233-43D0-9B83-7CE20D4E8245}.Debug|Any CPU.Build.0 = Debug|Any CPU
		{D8524CCA-E233-43D0-9B83-7CE20D4E8245}.Release|Any CPU.ActiveCfg = Release|Any CPU
		{D8524CCA-E233-43D0-9B83-7CE20D4E8245}.Release|Any CPU.Build.0 = Release|Any CPU
		{16AD3CEE-2EB5-41F2-813C-8AB579F51F42}.Debug|Any CPU.ActiveCfg = Debug|Any CPU
		{16AD3CEE-2EB5-41F2-813C-8AB579F51F42}.Debug|Any CPU.Build.0 = Debug|Any CPU
		{16AD3CEE-2EB5-41F2-813C-8AB579F51F42}.Release|Any CPU.ActiveCfg = Release|Any CPU
		{16AD3CEE-2EB5-41F2-813C-8AB579F51F42}.Release|Any CPU.Build.0 = Release|Any CPU
		{3E7CF991-A500-460D-BE40-132E113CD62F}.Debug|Any CPU.ActiveCfg = Debug|Any CPU
		{3E7CF991-A500-460D-BE40-132E113CD62F}.Debug|Any CPU.Build.0 = Debug|Any CPU
		{3E7CF991-A500-460D-BE40-132E113CD62F}.Release|Any CPU.ActiveCfg = Release|Any CPU
		{3E7CF991-A500-460D-BE40-132E113CD62F}.Release|Any CPU.Build.0 = Release|Any CPU
	EndGlobalSection
	GlobalSection(SolutionProperties) = preSolution
		HideSolutionNode = FALSE
	EndGlobalSection
	GlobalSection(ExtensibilityGlobals) = postSolution
		SolutionGuid = {615C4CC8-83D4-4DA3-ADDD-142E4E40E5AE}
	EndGlobalSection
EndGlobal
